
Microsoft Visual Studio Solution File, Format Version 12.00
# Visual Studio Version 16
VisualStudioVersion = 16.0.29215.179
MinimumVisualStudioVersion = 10.0.40219.1
Project("{FAE04EC0-301F-11D3-BF4B-00C04F79EFBC}") = "GaussSeidel-Jacobi", "GaussSeidel-Jacobi\GaussSeidel-Jacobi.csproj", "{A8356FD4-CB08-44C7-9E5C-F2371F375D5E}"
EndProject
Global
	GlobalSection(SolutionConfigurationPlatforms) = preSolution
		Debug|Any CPU = Debug|Any CPU
		Release|Any CPU = Release|Any CPU
	EndGlobalSection
	GlobalSection(ProjectConfigurationPlatforms) = postSolution
		{A8356FD4-CB08-44C7-9E5C-F2371F375D5E}.Debug|Any CPU.ActiveCfg = Debug|Any CPU
		{A8356FD4-CB08-44C7-9E5C-F2371F375D5E}.Debug|Any CPU.Build.0 = Debug|Any CPU
		{A8356FD4-CB08-44C7-9E5C-F2371F375D5E}.Release|Any CPU.ActiveCfg = Release|Any CPU
		{A8356FD4-CB08-44C7-9E5C-F2371F375D5E}.Release|Any CPU.Build.0 = Release|Any CPU
	EndGlobalSection
	GlobalSection(SolutionProperties) = preSolution
		HideSolutionNode = FALSE
	EndGlobalSection
	GlobalSection(ExtensibilityGlobals) = postSolution
		SolutionGuid = {CF068EDD-3776-43C7-8D7B-B6F18161B271}
	EndGlobalSection
EndGlobal
